
Microsoft Visual Studio Solution File, Format Version 12.00
# Visual Studio Version 16
VisualStudioVersion = 16.0.30611.23
MinimumVisualStudioVersion = 10.0.40219.1
Project("{FAE04EC0-301F-11D3-BF4B-00C04F79EFBC}") = "GuitHubTest", "GuitHubTest\GuitHubTest.csproj", "{0A064807-6A9B-400F-8E5C-DE4EF5282275}"
EndProject
Global
	GlobalSection(SolutionConfigurationPlatforms) = preSolution
		Debug|Any CPU = Debug|Any CPU
		Release|Any CPU = Release|Any CPU
	EndGlobalSection
	GlobalSection(ProjectConfigurationPlatforms) = postSolution
		{0A064807-6A9B-400F-8E5C-DE4EF5282275}.Debug|Any CPU.ActiveCfg = Debug|Any CPU
		{0A064807-6A9B-400F-8E5C-DE4EF5282275}.Debug|Any CPU.Build.0 = Debug|Any CPU
		{0A064807-6A9B-400F-8E5C-DE4EF5282275}.Release|Any CPU.ActiveCfg = Release|Any CPU
		{0A064807-6A9B-400F-8E5C-DE4EF5282275}.Release|Any CPU.Build.0 = Release|Any CPU
	EndGlobalSection
	GlobalSection(SolutionProperties) = preSolution
		HideSolutionNode = FALSE
	EndGlobalSection
	GlobalSection(ExtensibilityGlobals) = postSolution
		SolutionGuid = {A3B41376-56E8-4606-9946-3198BEF6757B}
	EndGlobalSection
EndGlobal
